<?xml version="1.0" encoding="utf-8"?>
<Project ToolsVersion="4.0" xmlns="http://schemas.microsoft.com/developer/msbuild/2003">
  <ItemGroup>
    <Filter Include="02. Main">
      <UniqueIdentifier>{77c407f9-6ee3-4dc3-a13d-01e68b122a5a}</UniqueIdentifier>
    </Filter>
    <Filter Include="01. 리소스 파일">
      <UniqueIdentifier>{67DA6AB6-F800-4c08-8B7A-83BB121AAD01}</UniqueIdentifier>
      <Extensions>rc;ico;cur;bmp;dlg;rc2;rct;bin;rgs;gif;jpg;jpeg;jpe;resx;tiff;tif;png;wav;mfcribbon-ms</Extensions>
    </Filter>
    <Filter Include="03. Game">
      <UniqueIdentifier>{a636f805-e515-48cc-ad34-ef952900644d}</UniqueIdentifier>
    </Filter>
    <Filter Include="03. Game\01. Header">
      <UniqueIdentifier>{1b49bd4b-f61e-427f-9a2f-7a6d799f792b}</UniqueIdentifier>
    </Filter>
    <Filter Include="03. Game\02. Engine">
      <UniqueIdentifier>{7d497ccc-e2cc-4612-ac6d-96ccfacb86f7}</UniqueIdentifier>
    </Filter>
    <Filter Include="03. Game\03. Manager">
      <UniqueIdentifier>{16f870f7-0599-48b8-8d4d-c8817160748e}</UniqueIdentifier>
    </Filter>
    <Filter Include="03. Game\04. Level">
      <UniqueIdentifier>{e9c418e1-7eb7-4383-b0e5-9f3d3bb90912}</UniqueIdentifier>
    </Filter>
    <Filter Include="03. Game\05. Object">
      <UniqueIdentifier>{f8d9e644-b88f-49c5-ae14-f18d16a78744}</UniqueIdentifier>
    </Filter>
    <Filter Include="03. Game\06. Component">
      <UniqueIdentifier>{b17a1fbb-75ef-4431-8753-d003acb1c8aa}</UniqueIdentifier>
    </Filter>
    <Filter Include="03. Game\07. Asset">
      <UniqueIdentifier>{a6b396b5-f19c-47f1-ade0-6c5c22cc7448}</UniqueIdentifier>
    </Filter>
    <Filter Include="03. Game\08. Module">
      <UniqueIdentifier>{2f78e29c-9336-486c-b36c-65d0169925a9}</UniqueIdentifier>
    </Filter>
    <Filter Include="03. Game\04. Level\01. Start_Logo">
      <UniqueIdentifier>{2e519b33-2bf3-4fe3-80bd-2af301b23744}</UniqueIdentifier>
    </Filter>
    <Filter Include="03. Game\04. Level\02. Editor">
      <UniqueIdentifier>{6289c51a-36cd-45c7-88ab-5caa185bedae}</UniqueIdentifier>
    </Filter>
    <Filter Include="03. Game\04. Level\03. Stage01">
      <UniqueIdentifier>{389f684d-68ae-457c-9f66-c4f72562df05}</UniqueIdentifier>
    </Filter>
    <Filter Include="03. Game\05. Object\Player">
      <UniqueIdentifier>{b89f15f4-732c-4b94-a5fb-f1a118ff2137}</UniqueIdentifier>
    </Filter>
    <Filter Include="03. Game\05. Object\Monster">
      <UniqueIdentifier>{33d771fa-4b47-4b62-b730-0482d252d8d9}</UniqueIdentifier>
    </Filter>
    <Filter Include="03. Game\06. Component\01. Collider">
      <UniqueIdentifier>{585ff661-f470-4951-bfb2-486645f0d678}</UniqueIdentifier>
    </Filter>
    <Filter Include="03. Game\05. Object\Tile">
      <UniqueIdentifier>{e9cdae4e-18bc-4a69-a443-1d795c122806}</UniqueIdentifier>
    </Filter>
    <Filter Include="03. Game\05. Object\UI">
      <UniqueIdentifier>{403b9a66-a4db-4bfa-8ee8-4ade6ce34cc4}</UniqueIdentifier>
    </Filter>
    <Filter Include="03. Game\06. Component\02. Animator">
      <UniqueIdentifier>{c483a101-f869-40ad-8631-26b582b4c8b3}</UniqueIdentifier>
    </Filter>
    <Filter Include="03. Game\06. Component\03. Rigidbody">
      <UniqueIdentifier>{e91f0ca4-31e8-4ff4-b334-cce863df9736}</UniqueIdentifier>
    </Filter>
    <Filter Include="03. Game\06. Component\04. FSM">
      <UniqueIdentifier>{38ce5625-a16b-4404-b27f-c749dfe8583b}</UniqueIdentifier>
    </Filter>
    <Filter Include="03. Game\05. Object\Missile">
      <UniqueIdentifier>{94e6ee42-cbb6-451a-9cae-a7421a45934c}</UniqueIdentifier>
    </Filter>
    <Filter Include="03. Game\03. Manager\07. DebugRender">
      <UniqueIdentifier>{6a36ed92-805f-417c-9e73-06f7f33c6e59}</UniqueIdentifier>
    </Filter>
    <Filter Include="03. Game\03. Manager\05. LevelMgr">
      <UniqueIdentifier>{af7aa55d-7686-45ed-a3a0-d145b884b8b5}</UniqueIdentifier>
    </Filter>
    <Filter Include="03. Game\03. Manager\06. CollisiionMgr">
      <UniqueIdentifier>{35d43db3-87ca-4ac1-81d1-6e3d95e4d46b}</UniqueIdentifier>
    </Filter>
    <Filter Include="03. Game\03. Manager\01. TimeMgr">
      <UniqueIdentifier>{48d4e52f-c70e-4f9b-a67f-981ce2672d3c}</UniqueIdentifier>
    </Filter>
    <Filter Include="03. Game\03. Manager\02. KeyMgr">
      <UniqueIdentifier>{9a82faa5-d8bc-42e8-863b-55d77c886de7}</UniqueIdentifier>
    </Filter>
    <Filter Include="03. Game\03. Manager\03. AssetMgr">
      <UniqueIdentifier>{ac04dae4-c583-45e2-a760-214b09598b3b}</UniqueIdentifier>
    </Filter>
    <Filter Include="03. Game\03. Manager\04. PathMgr">
      <UniqueIdentifier>{96adcef4-27d8-4c33-ab07-d21969f3f39f}</UniqueIdentifier>
    </Filter>
    <Filter Include="03. Game\07. Asset\Sound">
      <UniqueIdentifier>{6a125bca-51ed-46f9-ba05-fb9711a44350}</UniqueIdentifier>
    </Filter>
    <Filter Include="03. Game\07. Asset\Texture">
      <UniqueIdentifier>{a2c82dae-a59e-4877-a07d-c724b18209df}</UniqueIdentifier>
    </Filter>
    <Filter Include="03. Game\03. Manager\08. TaskMgr">
      <UniqueIdentifier>{45294da5-0e3f-42e5-ab6b-aa0b07975115}</UniqueIdentifier>
    </Filter>
    <Filter Include="03. Game\05. Object\Missile\GuidedMissile">
      <UniqueIdentifier>{fe9e0a10-876f-4445-8680-59dd4cc2260c}</UniqueIdentifier>
    </Filter>
    <Filter Include="03. Game\08. Module\Animation">
      <UniqueIdentifier>{e6838735-9026-4d1b-a078-40978d05eea1}</UniqueIdentifier>
    </Filter>
    <Filter Include="03. Game\05. Object\Force">
      <UniqueIdentifier>{96bc1ea0-9de6-4a30-b25f-7fdfb1f8f940}</UniqueIdentifier>
    </Filter>
    <Filter Include="03. Game\05. Object\Platform">
      <UniqueIdentifier>{4bd28bdc-6d97-449a-8d90-3740f2bd5980}</UniqueIdentifier>
    </Filter>
    <Filter Include="03. Game\03. Manager\09.Camera">
      <UniqueIdentifier>{1f63df88-f297-44d1-8c8a-9b83f42c3b3b}</UniqueIdentifier>
    </Filter>
    <Filter Include="03. Game\08. Module\State">
      <UniqueIdentifier>{c2c3f462-cbcc-4246-9918-90da51e9e3eb}</UniqueIdentifier>
    </Filter>
    <Filter Include="03. Game\08. Module\State\MonsterState">
      <UniqueIdentifier>{3c420a6a-470e-4783-a2ce-59101ad5affa}</UniqueIdentifier>
    </Filter>
    <Filter Include="03. Game\03. Manager\10.UIMgr">
      <UniqueIdentifier>{271426ba-23b6-48ac-b8d8-7ca61b24ce4d}</UniqueIdentifier>
    </Filter>
    <Filter Include="03. Game\05. Object\UI\Button">
      <UniqueIdentifier>{b32e1c32-7773-4771-ad22-b84405dea860}</UniqueIdentifier>
    </Filter>
    <Filter Include="03. Game\03. Manager\11.SoundMgr">
      <UniqueIdentifier>{f7be398e-7a63-4cb4-872b-d4a57fa523e5}</UniqueIdentifier>
    </Filter>
    <Filter Include="03. Game\06. Component\05. TileMap">
      <UniqueIdentifier>{184a0aa7-ac9f-40bd-8665-5f1433c71fce}</UniqueIdentifier>
    </Filter>
    <Filter Include="03. Game\05. Object\Background">
      <UniqueIdentifier>{998994c1-d516-429b-83e0-03365cde473c}</UniqueIdentifier>
    </Filter>
    <Filter Include="03. Game\05. Object\Wall">
      <UniqueIdentifier>{55585f39-f805-4c80-a38e-2655b8252aa6}</UniqueIdentifier>
    </Filter>
    <Filter Include="03. Game\08. Module\State\PlayerState">
      <UniqueIdentifier>{a54cc173-a68c-41de-bcc8-5392998a5a6f}</UniqueIdentifier>
    </Filter>
    <Filter Include="03. Game\05. Object\SnowObj">
      <UniqueIdentifier>{e12be6c7-a185-4da4-bee1-c36690bdf2bf}</UniqueIdentifier>
    </Filter>
    <Filter Include="03. Game\08. Module\State\BossState">
      <UniqueIdentifier>{1130f0c7-1511-4bb1-a453-b33b7b97cf0f}</UniqueIdentifier>
    </Filter>
    <Filter Include="03. Game\08. Module\State\MiniBossState">
      <UniqueIdentifier>{7009aca7-ec90-40f5-a985-7c1e4e9fe19e}</UniqueIdentifier>
    </Filter>
    <Filter Include="03. Game\04. Level\04. Stage_Start">
      <UniqueIdentifier>{ec6b2f3c-33fd-479e-85f4-95f4efe66d5c}</UniqueIdentifier>
    </Filter>
    <Filter Include="03. Game\04. Level\05. Stage_End">
      <UniqueIdentifier>{6c97ddcf-3821-44c0-81e8-1f53cb952463}</UniqueIdentifier>
    </Filter>
  </ItemGroup>
  <ItemGroup>
    <ClInclude Include="framework.h">
      <Filter>02. Main</Filter>
    </ClInclude>
    <ClInclude Include="GameClient.h">
      <Filter>02. Main</Filter>
    </ClInclude>
    <ClInclude Include="Resource.h">
      <Filter>02. Main</Filter>
    </ClInclude>
    <ClInclude Include="targetver.h">
      <Filter>02. Main</Filter>
    </ClInclude>
    <ClInclude Include="CEntity.h">
      <Filter>03. Game</Filter>
    </ClInclude>
    <ClInclude Include="pch.h">
      <Filter>02. Main</Filter>
    </ClInclude>
    <ClInclude Include="CObj.h">
      <Filter>03. Game\05. Object</Filter>
    </ClInclude>
    <ClInclude Include="CEngine.h">
      <Filter>03. Game\02. Engine</Filter>
    </ClInclude>
    <ClInclude Include="define.h">
      <Filter>03. Game\01. Header</Filter>
    </ClInclude>
    <ClInclude Include="enum.h">
      <Filter>03. Game\01. Header</Filter>
    </ClInclude>
    <ClInclude Include="CSelectObj.h">
      <Filter>03. Game\08. Module</Filter>
    </ClInclude>
    <ClInclude Include="CLevel.h">
      <Filter>03. Game\04. Level</Filter>
    </ClInclude>
    <ClInclude Include="CLevelMgr.h">
      <Filter>03. Game\03. Manager\05. LevelMgr</Filter>
    </ClInclude>
    <ClInclude Include="CLevel_Stage01.h">
      <Filter>03. Game\04. Level\03. Stage01</Filter>
    </ClInclude>
    <ClInclude Include="struct.h">
      <Filter>03. Game\01. Header</Filter>
    </ClInclude>
    <ClInclude Include="CTimeMgr.h">
      <Filter>03. Game\03. Manager\01. TimeMgr</Filter>
    </ClInclude>
    <ClInclude Include="CMissile.h">
      <Filter>03. Game\05. Object\Missile</Filter>
    </ClInclude>
    <ClInclude Include="CPlayer.h">
      <Filter>03. Game\05. Object\Player</Filter>
    </ClInclude>
    <ClInclude Include="func.h">
      <Filter>03. Game\01. Header</Filter>
    </ClInclude>
    <ClInclude Include="CKeyMgr.h">
      <Filter>03. Game\03. Manager\02. KeyMgr</Filter>
    </ClInclude>
    <ClInclude Include="CMonster.h">
      <Filter>03. Game\05. Object\Monster</Filter>
    </ClInclude>
    <ClInclude Include="CComponent.h">
      <Filter>03. Game\06. Component</Filter>
    </ClInclude>
    <ClInclude Include="CCollider.h">
      <Filter>03. Game\06. Component\01. Collider</Filter>
    </ClInclude>
    <ClInclude Include="CAnimator.h">
      <Filter>03. Game\06. Component\02. Animator</Filter>
    </ClInclude>
    <ClInclude Include="CRigidBody.h">
      <Filter>03. Game\06. Component\03. Rigidbody</Filter>
    </ClInclude>
    <ClInclude Include="CFSM.h">
      <Filter>03. Game\06. Component\04. FSM</Filter>
    </ClInclude>
    <ClInclude Include="CDbgRender.h">
      <Filter>03. Game\03. Manager\07. DebugRender</Filter>
    </ClInclude>
    <ClInclude Include="CCollisionMgr.h">
      <Filter>03. Game\03. Manager\06. CollisiionMgr</Filter>
    </ClInclude>
    <ClInclude Include="CPathMgr.h">
      <Filter>03. Game\03. Manager\04. PathMgr</Filter>
    </ClInclude>
    <ClInclude Include="CAsset.h">
      <Filter>03. Game\07. Asset</Filter>
    </ClInclude>
    <ClInclude Include="CTexture.h">
      <Filter>03. Game\07. Asset\Texture</Filter>
    </ClInclude>
    <ClInclude Include="CTaskMgr.h">
      <Filter>03. Game\03. Manager\08. TaskMgr</Filter>
    </ClInclude>
    <ClInclude Include="CGuidedMissile.h">
      <Filter>03. Game\05. Object\Missile\GuidedMissile</Filter>
    </ClInclude>
    <ClInclude Include="CAnimation.h">
      <Filter>03. Game\08. Module\Animation</Filter>
    </ClInclude>
    <ClInclude Include="CAssetMgr.h">
      <Filter>03. Game\03. Manager\03. AssetMgr</Filter>
    </ClInclude>
    <ClInclude Include="CSound.h">
      <Filter>03. Game\07. Asset\Sound</Filter>
    </ClInclude>
    <ClInclude Include="CForce.h">
      <Filter>03. Game\05. Object\Force</Filter>
    </ClInclude>
    <ClInclude Include="CPlatform.h">
      <Filter>03. Game\05. Object\Platform</Filter>
    </ClInclude>
    <ClInclude Include="CCamera.h">
      <Filter>03. Game\03. Manager\09.Camera</Filter>
    </ClInclude>
    <ClInclude Include="CState.h">
      <Filter>03. Game\08. Module\State</Filter>
    </ClInclude>
    <ClInclude Include="CIdleState.h">
      <Filter>03. Game\08. Module\State\MonsterState</Filter>
    </ClInclude>
    <ClInclude Include="CTraceState.h">
      <Filter>03. Game\08. Module\State\MonsterState</Filter>
    </ClInclude>
    <ClInclude Include="CLevel_Editor.h">
      <Filter>03. Game\04. Level\02. Editor</Filter>
    </ClInclude>
    <ClInclude Include="CTile.h">
      <Filter>03. Game\05. Object\Tile</Filter>
    </ClInclude>
    <ClInclude Include="CUI.h">
      <Filter>03. Game\05. Object\UI</Filter>
    </ClInclude>
    <ClInclude Include="CUIMgr.h">
      <Filter>03. Game\03. Manager\10.UIMgr</Filter>
    </ClInclude>
    <ClInclude Include="CButton.h">
      <Filter>03. Game\05. Object\UI\Button</Filter>
    </ClInclude>
    <ClInclude Include="CSoundMgr.h">
      <Filter>03. Game\03. Manager\11.SoundMgr</Filter>
    </ClInclude>
    <ClInclude Include="CAttackState.h">
      <Filter>03. Game\08. Module\State\MonsterState</Filter>
    </ClInclude>
    <ClInclude Include="CDeadState.h">
      <Filter>03. Game\08. Module\State\MonsterState</Filter>
    </ClInclude>
    <ClInclude Include="CTileMap.h">
      <Filter>03. Game\06. Component\05. TileMap</Filter>
    </ClInclude>
    <ClInclude Include="CCollider_Editor.h">
      <Filter>03. Game\04. Level\02. Editor</Filter>
    </ClInclude>
    <ClInclude Include="CLevel_Start.h">
      <Filter>03. Game\04. Level\01. Start_Logo</Filter>
    </ClInclude>
    <ClInclude Include="CStage03.h">
      <Filter>03. Game\05. Object\Background</Filter>
    </ClInclude>
    <ClInclude Include="CStage01.h">
      <Filter>03. Game\05. Object\Background</Filter>
    </ClInclude>
    <ClInclude Include="CStage02.h">
      <Filter>03. Game\05. Object\Background</Filter>
    </ClInclude>
    <ClInclude Include="CMonster_Editor.h">
      <Filter>03. Game\04. Level\02. Editor</Filter>
    </ClInclude>
    <ClInclude Include="CWall.h">
      <Filter>03. Game\05. Object\Wall</Filter>
    </ClInclude>
    <ClInclude Include="CMoveState.h">
      <Filter>03. Game\08. Module\State\MonsterState</Filter>
    </ClInclude>
    <ClInclude Include="CSnowState.h">
      <Filter>03. Game\08. Module\State\MonsterState</Filter>
    </ClInclude>
    <ClInclude Include="CSnowObj.h">
      <Filter>03. Game\05. Object\SnowObj</Filter>
    </ClInclude>
    <ClInclude Include="CJumpState.h">
      <Filter>03. Game\08. Module\State\MonsterState</Filter>
    </ClInclude>
    <ClInclude Include="CStageBoss.h">
      <Filter>03. Game\05. Object\Background</Filter>
    </ClInclude>
    <ClInclude Include="MRana.h">
      <Filter>03. Game\05. Object\Monster</Filter>
    </ClInclude>
    <ClInclude Include="MDemonio.h">
      <Filter>03. Game\05. Object\Monster</Filter>
    </ClInclude>
    <ClInclude Include="CBoss.h">
      <Filter>03. Game\05. Object\Monster</Filter>
    </ClInclude>
    <ClInclude Include="BIdleState.h">
      <Filter>03. Game\08. Module\State\BossState</Filter>
    </ClInclude>
    <ClInclude Include="BJumpState.h">
      <Filter>03. Game\08. Module\State\BossState</Filter>
    </ClInclude>
    <ClInclude Include="BDeadState.h">
      <Filter>03. Game\08. Module\State\BossState</Filter>
    </ClInclude>
    <ClInclude Include="BDownState.h">
      <Filter>03. Game\08. Module\State\BossState</Filter>
    </ClInclude>
    <ClInclude Include="CMiniBoss.h">
      <Filter>03. Game\05. Object\Monster</Filter>
    </ClInclude>
    <ClInclude Include="MMoveState.h">
      <Filter>03. Game\08. Module\State\MiniBossState</Filter>
    </ClInclude>
    <ClInclude Include="MBallState.h">
      <Filter>03. Game\08. Module\State\MiniBossState</Filter>
    </ClInclude>
    <ClInclude Include="MWakeState.h">
      <Filter>03. Game\08. Module\State\MiniBossState</Filter>
    </ClInclude>
    <ClInclude Include="MSnowState.h">
      <Filter>03. Game\08. Module\State\MiniBossState</Filter>
    </ClInclude>
    <ClInclude Include="CSnow.h">
      <Filter>03. Game\05. Object\Missile</Filter>
    </ClInclude>
    <ClInclude Include="CMonsterMissile.h">
      <Filter>03. Game\05. Object\Missile</Filter>
    </ClInclude>
    <ClInclude Include="CStartLevel.h">
      <Filter>03. Game\04. Level\04. Stage_Start</Filter>
    </ClInclude>
    <ClInclude Include="CEndLevel.h">
      <Filter>03. Game\04. Level\05. Stage_End</Filter>
    </ClInclude>
  </ItemGroup>
  <ItemGroup>
    <ResourceCompile Include="GameClient.rc">
      <Filter>01. 리소스 파일</Filter>
    </ResourceCompile>
  </ItemGroup>
  <ItemGroup>
    <Image Include="small.ico">
      <Filter>01. 리소스 파일</Filter>
    </Image>
    <Image Include="GameClient.ico">
      <Filter>01. 리소스 파일</Filter>
    </Image>
  </ItemGroup>
  <ItemGroup>
    <ClCompile Include="main.cpp">
      <Filter>02. Main</Filter>
    </ClCompile>
    <ClCompile Include="CEntity.cpp">
      <Filter>03. Game</Filter>
    </ClCompile>
    <ClCompile Include="pch.cpp">
      <Filter>02. Main</Filter>
    </ClCompile>
    <ClCompile Include="CObj.cpp">
      <Filter>03. Game\05. Object</Filter>
    </ClCompile>
    <ClCompile Include="CEngine.cpp">
      <Filter>03. Game\02. Engine</Filter>
    </ClCompile>
    <ClCompile Include="CSelectObj.cpp">
      <Filter>03. Game\08. Module</Filter>
    </ClCompile>
    <ClCompile Include="CLevel.cpp">
      <Filter>03. Game\04. Level</Filter>
    </ClCompile>
    <ClCompile Include="CLevelMgr.cpp">
      <Filter>03. Game\03. Manager\05. LevelMgr</Filter>
    </ClCompile>
    <ClCompile Include="CLevel_Stage01.cpp">
      <Filter>03. Game\04. Level\03. Stage01</Filter>
    </ClCompile>
    <ClCompile Include="CTimeMgr.cpp">
      <Filter>03. Game\03. Manager\01. TimeMgr</Filter>
    </ClCompile>
    <ClCompile Include="CMissile.cpp">
      <Filter>03. Game\05. Object\Missile</Filter>
    </ClCompile>
    <ClCompile Include="CPlayer.cpp">
      <Filter>03. Game\05. Object\Player</Filter>
    </ClCompile>
    <ClCompile Include="CKeyMgr.cpp">
      <Filter>03. Game\03. Manager\02. KeyMgr</Filter>
    </ClCompile>
    <ClCompile Include="CMonster.cpp">
      <Filter>03. Game\05. Object\Monster</Filter>
    </ClCompile>
    <ClCompile Include="CComponent.cpp">
      <Filter>03. Game\06. Component</Filter>
    </ClCompile>
    <ClCompile Include="CCollider.cpp">
      <Filter>03. Game\06. Component\01. Collider</Filter>
    </ClCompile>
    <ClCompile Include="CAnimator.cpp">
      <Filter>03. Game\06. Component\02. Animator</Filter>
    </ClCompile>
    <ClCompile Include="CRigidBody.cpp">
      <Filter>03. Game\06. Component\03. Rigidbody</Filter>
    </ClCompile>
    <ClCompile Include="CFSM.cpp">
      <Filter>03. Game\06. Component\04. FSM</Filter>
    </ClCompile>
    <ClCompile Include="CDbgRender.cpp">
      <Filter>03. Game\03. Manager\07. DebugRender</Filter>
    </ClCompile>
    <ClCompile Include="func.cpp" />
    <ClCompile Include="CCollisionMgr.cpp">
      <Filter>03. Game\03. Manager\06. CollisiionMgr</Filter>
    </ClCompile>
    <ClCompile Include="CPathMgr.cpp">
      <Filter>03. Game\03. Manager\04. PathMgr</Filter>
    </ClCompile>
    <ClCompile Include="CAsset.cpp">
      <Filter>03. Game\07. Asset</Filter>
    </ClCompile>
    <ClCompile Include="CTexture.cpp">
      <Filter>03. Game\07. Asset\Texture</Filter>
    </ClCompile>
    <ClCompile Include="CTaskMgr.cpp">
      <Filter>03. Game\03. Manager\08. TaskMgr</Filter>
    </ClCompile>
    <ClCompile Include="CGuidedMissile.cpp">
      <Filter>03. Game\05. Object\Missile\GuidedMissile</Filter>
    </ClCompile>
    <ClCompile Include="CAnimation.cpp">
      <Filter>03. Game\08. Module\Animation</Filter>
    </ClCompile>
    <ClCompile Include="CAssetMgr.cpp">
      <Filter>03. Game\03. Manager\03. AssetMgr</Filter>
    </ClCompile>
    <ClCompile Include="CSound.cpp">
      <Filter>03. Game\07. Asset\Sound</Filter>
    </ClCompile>
    <ClCompile Include="CForce.cpp">
      <Filter>03. Game\05. Object\Force</Filter>
    </ClCompile>
    <ClCompile Include="CPlatform.cpp">
      <Filter>03. Game\05. Object\Platform</Filter>
    </ClCompile>
    <ClCompile Include="CCamera.cpp">
      <Filter>03. Game\03. Manager\09.Camera</Filter>
    </ClCompile>
    <ClCompile Include="CState.cpp">
      <Filter>03. Game\08. Module\State</Filter>
    </ClCompile>
    <ClCompile Include="CIdleState.cpp">
      <Filter>03. Game\08. Module\State\MonsterState</Filter>
    </ClCompile>
    <ClCompile Include="CTraceState.cpp">
      <Filter>03. Game\08. Module\State\MonsterState</Filter>
    </ClCompile>
    <ClCompile Include="CLevel_Editor.cpp">
      <Filter>03. Game\04. Level\02. Editor</Filter>
    </ClCompile>
    <ClCompile Include="CTile.cpp">
      <Filter>03. Game\05. Object\Tile</Filter>
    </ClCompile>
    <ClCompile Include="CUI.cpp">
      <Filter>03. Game\05. Object\UI</Filter>
    </ClCompile>
    <ClCompile Include="CUIMgr.cpp">
      <Filter>03. Game\03. Manager\10.UIMgr</Filter>
    </ClCompile>
    <ClCompile Include="CButton.cpp">
      <Filter>03. Game\05. Object\UI\Button</Filter>
    </ClCompile>
    <ClCompile Include="CSoundMgr.cpp">
      <Filter>03. Game\03. Manager\11.SoundMgr</Filter>
    </ClCompile>
    <ClCompile Include="CAttackState.cpp">
      <Filter>03. Game\08. Module\State\MonsterState</Filter>
    </ClCompile>
    <ClCompile Include="CDeadState.cpp">
      <Filter>03. Game\08. Module\State\MonsterState</Filter>
    </ClCompile>
    <ClCompile Include="CTileMap.cpp">
      <Filter>03. Game\06. Component\05. TileMap</Filter>
    </ClCompile>
    <ClCompile Include="CCollider_Editor.cpp">
      <Filter>03. Game\04. Level\02. Editor</Filter>
    </ClCompile>
    <ClCompile Include="CLevel_Start.cpp">
      <Filter>03. Game\04. Level\01. Start_Logo</Filter>
    </ClCompile>
    <ClCompile Include="CStage01.cpp">
      <Filter>03. Game\05. Object\Background</Filter>
    </ClCompile>
    <ClCompile Include="CStage02.cpp">
      <Filter>03. Game\05. Object\Background</Filter>
    </ClCompile>
    <ClCompile Include="CStage03.cpp">
      <Filter>03. Game\05. Object\Background</Filter>
    </ClCompile>
    <ClCompile Include="CMonster_Editor.cpp">
      <Filter>03. Game\04. Level\02. Editor</Filter>
    </ClCompile>
    <ClCompile Include="CWall.cpp">
      <Filter>03. Game\05. Object\Wall</Filter>
    </ClCompile>
    <ClCompile Include="CMoveState.cpp">
      <Filter>03. Game\08. Module\State\MonsterState</Filter>
    </ClCompile>
    <ClCompile Include="CSnowState.cpp">
      <Filter>03. Game\08. Module\State\MonsterState</Filter>
    </ClCompile>
    <ClCompile Include="CSnowObj.cpp">
      <Filter>03. Game\05. Object\SnowObj</Filter>
    </ClCompile>
    <ClCompile Include="CJumpState.cpp">
      <Filter>03. Game\08. Module\State\MonsterState</Filter>
    </ClCompile>
    <ClCompile Include="CStageBoss.cpp">
      <Filter>03. Game\05. Object\Background</Filter>
    </ClCompile>
    <ClCompile Include="MRana.cpp">
      <Filter>03. Game\05. Object\Monster</Filter>
    </ClCompile>
    <ClCompile Include="MDemonio.cpp">
      <Filter>03. Game\05. Object\Monster</Filter>
    </ClCompile>
    <ClCompile Include="CBoss.cpp">
      <Filter>03. Game\05. Object\Monster</Filter>
    </ClCompile>
    <ClCompile Include="BIdleState.cpp">
      <Filter>03. Game\08. Module\State\BossState</Filter>
    </ClCompile>
    <ClCompile Include="BDeadState.cpp">
      <Filter>03. Game\08. Module\State\BossState</Filter>
    </ClCompile>
    <ClCompile Include="BJumpState.cpp">
      <Filter>03. Game\08. Module\State\BossState</Filter>
    </ClCompile>
    <ClCompile Include="BDownState.cpp">
      <Filter>03. Game\08. Module\State\BossState</Filter>
    </ClCompile>
    <ClCompile Include="CMiniBoss.cpp">
      <Filter>03. Game\05. Object\Monster</Filter>
    </ClCompile>
    <ClCompile Include="MBallState.cpp">
      <Filter>03. Game\08. Module\State\MiniBossState</Filter>
    </ClCompile>
    <ClCompile Include="MMoveState.cpp">
      <Filter>03. Game\08. Module\State\MiniBossState</Filter>
    </ClCompile>
    <ClCompile Include="MWakeState.cpp">
      <Filter>03. Game\08. Module\State\MiniBossState</Filter>
    </ClCompile>
    <ClCompile Include="MSnowState.cpp">
      <Filter>03. Game\08. Module\State\MiniBossState</Filter>
    </ClCompile>
    <ClCompile Include="CSnow.cpp">
      <Filter>03. Game\05. Object\Missile</Filter>
    </ClCompile>
    <ClCompile Include="CMonsterMissile.cpp">
      <Filter>03. Game\05. Object\Missile</Filter>
    </ClCompile>
    <ClCompile Include="CStartLevel.cpp">
      <Filter>03. Game\04. Level\04. Stage_Start</Filter>
    </ClCompile>
    <ClCompile Include="CEndLevel.cpp">
      <Filter>03. Game\04. Level\05. Stage_End</Filter>
    </ClCompile>
  </ItemGroup>
</Project>